
Microsoft Visual Studio Solution File, Format Version 12.00
# Visual Studio 15
VisualStudioVersion = 15.0.28010.2003
MinimumVisualStudioVersion = 10.0.40219.1
Project("{9A19103F-16F7-4668-BE54-9A1E7A4F7556}") = "Anet", "Anet\Anet.csproj", "{ED670328-88E3-41DF-98D2-4DEA96C976DB}"
EndProject
Project("{9A19103F-16F7-4668-BE54-9A1E7A4F7556}") = "Sample.ConsoleApp", "Sample.ConsoleApp\Sample.ConsoleApp.csproj", "{A77B24A2-C5E7-44BE-9E09-D42CA1A0FDA4}"
EndProject
Project("{FAE04EC0-301F-11D3-BF4B-00C04F79EFBC}") = "Anet.Job", "Anet.Job\Anet.Job.csproj", "{60141E6E-98B1-4FB2-9A5D-80882AA05055}"
EndProject
Project("{FAE04EC0-301F-11D3-BF4B-00C04F79EFBC}") = "Anet.Web", "Anet.Web\Anet.Web.csproj", "{41F97159-01FD-49F4-91B8-D25800078D15}"
EndProject
Global
	GlobalSection(SolutionConfigurationPlatforms) = preSolution
		Debug|Any CPU = Debug|Any CPU
		Release|Any CPU = Release|Any CPU
	EndGlobalSection
	GlobalSection(ProjectConfigurationPlatforms) = postSolution
		{ED670328-88E3-41DF-98D2-4DEA96C976DB}.Debug|Any CPU.ActiveCfg = Debug|Any CPU
		{ED670328-88E3-41DF-98D2-4DEA96C976DB}.Debug|Any CPU.Build.0 = Debug|Any CPU
		{ED670328-88E3-41DF-98D2-4DEA96C976DB}.Release|Any CPU.ActiveCfg = Release|Any CPU
		{ED670328-88E3-41DF-98D2-4DEA96C976DB}.Release|Any CPU.Build.0 = Release|Any CPU
		{A77B24A2-C5E7-44BE-9E09-D42CA1A0FDA4}.Debug|Any CPU.ActiveCfg = Debug|Any CPU
		{A77B24A2-C5E7-44BE-9E09-D42CA1A0FDA4}.Debug|Any CPU.Build.0 = Debug|Any CPU
		{A77B24A2-C5E7-44BE-9E09-D42CA1A0FDA4}.Release|Any CPU.ActiveCfg = Release|Any CPU
		{A77B24A2-C5E7-44BE-9E09-D42CA1A0FDA4}.Release|Any CPU.Build.0 = Release|Any CPU
		{60141E6E-98B1-4FB2-9A5D-80882AA05055}.Debug|Any CPU.ActiveCfg = Debug|Any CPU
		{60141E6E-98B1-4FB2-9A5D-80882AA05055}.Debug|Any CPU.Build.0 = Debug|Any CPU
		{60141E6E-98B1-4FB2-9A5D-80882AA05055}.Release|Any CPU.ActiveCfg = Release|Any CPU
		{60141E6E-98B1-4FB2-9A5D-80882AA05055}.Release|Any CPU.Build.0 = Release|Any CPU
		{41F97159-01FD-49F4-91B8-D25800078D15}.Debug|Any CPU.ActiveCfg = Debug|Any CPU
		{41F97159-01FD-49F4-91B8-D25800078D15}.Debug|Any CPU.Build.0 = Debug|Any CPU
		{41F97159-01FD-49F4-91B8-D25800078D15}.Release|Any CPU.ActiveCfg = Release|Any CPU
		{41F97159-01FD-49F4-91B8-D25800078D15}.Release|Any CPU.Build.0 = Release|Any CPU
	EndGlobalSection
	GlobalSection(SolutionProperties) = preSolution
		HideSolutionNode = FALSE
	EndGlobalSection
	GlobalSection(ExtensibilityGlobals) = postSolution
		SolutionGuid = {3380AE0E-41C5-4701-9A2B-5E65F82945A3}
	EndGlobalSection
EndGlobal
